
Microsoft Visual Studio Solution File, Format Version 12.00
# Visual Studio 15
VisualStudioVersion = 15.0.27703.2018
MinimumVisualStudioVersion = 10.0.40219.1
Project("{9A19103F-16F7-4668-BE54-9A1E7A4F7556}") = "GBNewEnergy.Protocol", "GBNewEnergy.Protocol\GBNewEnergy.Protocol.csproj", "{1934F3A6-1396-46C2-BFD6-1E2DC1A26E3A}"
EndProject
Project("{9A19103F-16F7-4668-BE54-9A1E7A4F7556}") = "GBNewEnergy.Protocol.Test", "GBNewEnergy.Protocol.Test\GBNewEnergy.Protocol.Test.csproj", "{AAA669F5-E689-40CA-97EF-B5BA672B11DD}"
EndProject
Project("{2150E333-8FDC-42A3-9474-1A3956D46DE8}") = "NEEncrypts.Tests", "NEEncrypts.Tests", "{1D162FFB-5944-470C-B6F0-8F7387C706DF}"
EndProject
Project("{FAE04EC0-301F-11D3-BF4B-00C04F79EFBC}") = "NEEncryptsNET4.Test", "NEEncrypts.Tests\NEEncryptsNET4.Test\NEEncryptsNET4.Test.csproj", "{7C7C1511-EB17-4DBF-B04F-EFE8FF4ECE92}"
EndProject
Project("{FAE04EC0-301F-11D3-BF4B-00C04F79EFBC}") = "NEEncryptsNET45.Test", "NEEncrypts.Tests\NEEncryptsNET45.Test\NEEncryptsNET45.Test.csproj", "{1ED77002-D542-4013-B71A-C52CE92D5747}"
EndProject
Project("{9A19103F-16F7-4668-BE54-9A1E7A4F7556}") = "NEEncryptsNETCore.Test", "NEEncrypts.Tests\NEEncryptsNETCore.Test\NEEncryptsNETCore.Test.csproj", "{361FD688-A06B-4D68-9B76-93C6559278E8}"
EndProject
Global
	GlobalSection(SolutionConfigurationPlatforms) = preSolution
		Debug|Any CPU = Debug|Any CPU
		Release|Any CPU = Release|Any CPU
	EndGlobalSection
	GlobalSection(ProjectConfigurationPlatforms) = postSolution
		{1934F3A6-1396-46C2-BFD6-1E2DC1A26E3A}.Debug|Any CPU.ActiveCfg = Debug|Any CPU
		{1934F3A6-1396-46C2-BFD6-1E2DC1A26E3A}.Debug|Any CPU.Build.0 = Debug|Any CPU
		{1934F3A6-1396-46C2-BFD6-1E2DC1A26E3A}.Release|Any CPU.ActiveCfg = Release|Any CPU
		{1934F3A6-1396-46C2-BFD6-1E2DC1A26E3A}.Release|Any CPU.Build.0 = Release|Any CPU
		{AAA669F5-E689-40CA-97EF-B5BA672B11DD}.Debug|Any CPU.ActiveCfg = Debug|Any CPU
		{AAA669F5-E689-40CA-97EF-B5BA672B11DD}.Debug|Any CPU.Build.0 = Debug|Any CPU
		{AAA669F5-E689-40CA-97EF-B5BA672B11DD}.Release|Any CPU.ActiveCfg = Release|Any CPU
		{AAA669F5-E689-40CA-97EF-B5BA672B11DD}.Release|Any CPU.Build.0 = Release|Any CPU
		{7C7C1511-EB17-4DBF-B04F-EFE8FF4ECE92}.Debug|Any CPU.ActiveCfg = Debug|Any CPU
		{7C7C1511-EB17-4DBF-B04F-EFE8FF4ECE92}.Debug|Any CPU.Build.0 = Debug|Any CPU
		{7C7C1511-EB17-4DBF-B04F-EFE8FF4ECE92}.Release|Any CPU.ActiveCfg = Release|Any CPU
		{7C7C1511-EB17-4DBF-B04F-EFE8FF4ECE92}.Release|Any CPU.Build.0 = Release|Any CPU
		{1ED77002-D542-4013-B71A-C52CE92D5747}.Debug|Any CPU.ActiveCfg = Debug|Any CPU
		{1ED77002-D542-4013-B71A-C52CE92D5747}.Debug|Any CPU.Build.0 = Debug|Any CPU
		{1ED77002-D542-4013-B71A-C52CE92D5747}.Release|Any CPU.ActiveCfg = Release|Any CPU
		{1ED77002-D542-4013-B71A-C52CE92D5747}.Release|Any CPU.Build.0 = Release|Any CPU
		{361FD688-A06B-4D68-9B76-93C6559278E8}.Debug|Any CPU.ActiveCfg = Debug|Any CPU
		{361FD688-A06B-4D68-9B76-93C6559278E8}.Debug|Any CPU.Build.0 = Debug|Any CPU
		{361FD688-A06B-4D68-9B76-93C6559278E8}.Release|Any CPU.ActiveCfg = Release|Any CPU
		{361FD688-A06B-4D68-9B76-93C6559278E8}.Release|Any CPU.Build.0 = Release|Any CPU
	EndGlobalSection
	GlobalSection(SolutionProperties) = preSolution
		HideSolutionNode = FALSE
	EndGlobalSection
	GlobalSection(NestedProjects) = preSolution
		{7C7C1511-EB17-4DBF-B04F-EFE8FF4ECE92} = {1D162FFB-5944-470C-B6F0-8F7387C706DF}
		{1ED77002-D542-4013-B71A-C52CE92D5747} = {1D162FFB-5944-470C-B6F0-8F7387C706DF}
		{361FD688-A06B-4D68-9B76-93C6559278E8} = {1D162FFB-5944-470C-B6F0-8F7387C706DF}
	EndGlobalSection
	GlobalSection(ExtensibilityGlobals) = postSolution
		SolutionGuid = {E7AF20B3-4327-4DF7-B503-9FE08AA92A75}
	EndGlobalSection
EndGlobal
