
Microsoft Visual Studio Solution File, Format Version 12.00
# Visual Studio Version 16
VisualStudioVersion = 16.0.28407.52
MinimumVisualStudioVersion = 10.0.40219.1
Project("{FAE04EC0-301F-11D3-BF4B-00C04F79EFBC}") = "JTNE.Protocol", "JTNE.Protocol\JTNE.Protocol.csproj", "{5B164F58-141D-474E-A82E-672A1C252029}"
EndProject
Global
	GlobalSection(SolutionConfigurationPlatforms) = preSolution
		Debug|Any CPU = Debug|Any CPU
		Release|Any CPU = Release|Any CPU
	EndGlobalSection
	GlobalSection(ProjectConfigurationPlatforms) = postSolution
		{5B164F58-141D-474E-A82E-672A1C252029}.Debug|Any CPU.ActiveCfg = Debug|Any CPU
		{5B164F58-141D-474E-A82E-672A1C252029}.Debug|Any CPU.Build.0 = Debug|Any CPU
		{5B164F58-141D-474E-A82E-672A1C252029}.Release|Any CPU.ActiveCfg = Release|Any CPU
		{5B164F58-141D-474E-A82E-672A1C252029}.Release|Any CPU.Build.0 = Release|Any CPU
	EndGlobalSection
	GlobalSection(SolutionProperties) = preSolution
		HideSolutionNode = FALSE
	EndGlobalSection
	GlobalSection(ExtensibilityGlobals) = postSolution
		SolutionGuid = {E7AF20B3-4327-4DF7-B503-9FE08AA92A75}
	EndGlobalSection
EndGlobal
