
Microsoft Visual Studio Solution File, Format Version 12.00
# Visual Studio 15
VisualStudioVersion = 15.0.28307.271
MinimumVisualStudioVersion = 10.0.40219.1
Project("{9A19103F-16F7-4668-BE54-9A1E7A4F7556}") = "JTNE.Protocol", "JTNE.Protocol\JTNE.Protocol.csproj", "{5B164F58-141D-474E-A82E-672A1C252029}"
EndProject
Project("{9A19103F-16F7-4668-BE54-9A1E7A4F7556}") = "GBNewEnergy.Protocol", "GBNewEnergy.Protocol\GBNewEnergy.Protocol.csproj", "{2E21E873-F9EA-4B98-80D6-9719DC924350}"
EndProject
Project("{FAE04EC0-301F-11D3-BF4B-00C04F79EFBC}") = "JTNE.Protocol.Test", "JTNE.Protocol.Test\JTNE.Protocol.Test.csproj", "{30BB532E-4E49-4BB4-A1D4-61DC40F320DB}"
EndProject
Project("{9A19103F-16F7-4668-BE54-9A1E7A4F7556}") = "GBNewEnergy.Protocol.Test", "GBNewEnergy.Protocol.Test\GBNewEnergy.Protocol.Test.csproj", "{E8A2DBC3-3384-408F-A9D0-247723EFE383}"
EndProject
Global
	GlobalSection(SolutionConfigurationPlatforms) = preSolution
		Debug|Any CPU = Debug|Any CPU
		Release|Any CPU = Release|Any CPU
	EndGlobalSection
	GlobalSection(ProjectConfigurationPlatforms) = postSolution
		{5B164F58-141D-474E-A82E-672A1C252029}.Debug|Any CPU.ActiveCfg = Debug|Any CPU
		{5B164F58-141D-474E-A82E-672A1C252029}.Debug|Any CPU.Build.0 = Debug|Any CPU
		{5B164F58-141D-474E-A82E-672A1C252029}.Release|Any CPU.ActiveCfg = Release|Any CPU
		{5B164F58-141D-474E-A82E-672A1C252029}.Release|Any CPU.Build.0 = Release|Any CPU
		{2E21E873-F9EA-4B98-80D6-9719DC924350}.Debug|Any CPU.ActiveCfg = Debug|Any CPU
		{2E21E873-F9EA-4B98-80D6-9719DC924350}.Debug|Any CPU.Build.0 = Debug|Any CPU
		{2E21E873-F9EA-4B98-80D6-9719DC924350}.Release|Any CPU.ActiveCfg = Release|Any CPU
		{2E21E873-F9EA-4B98-80D6-9719DC924350}.Release|Any CPU.Build.0 = Release|Any CPU
		{30BB532E-4E49-4BB4-A1D4-61DC40F320DB}.Debug|Any CPU.ActiveCfg = Debug|Any CPU
		{30BB532E-4E49-4BB4-A1D4-61DC40F320DB}.Debug|Any CPU.Build.0 = Debug|Any CPU
		{30BB532E-4E49-4BB4-A1D4-61DC40F320DB}.Release|Any CPU.ActiveCfg = Release|Any CPU
		{30BB532E-4E49-4BB4-A1D4-61DC40F320DB}.Release|Any CPU.Build.0 = Release|Any CPU
		{E8A2DBC3-3384-408F-A9D0-247723EFE383}.Debug|Any CPU.ActiveCfg = Debug|Any CPU
		{E8A2DBC3-3384-408F-A9D0-247723EFE383}.Debug|Any CPU.Build.0 = Debug|Any CPU
		{E8A2DBC3-3384-408F-A9D0-247723EFE383}.Release|Any CPU.ActiveCfg = Release|Any CPU
		{E8A2DBC3-3384-408F-A9D0-247723EFE383}.Release|Any CPU.Build.0 = Release|Any CPU
	EndGlobalSection
	GlobalSection(SolutionProperties) = preSolution
		HideSolutionNode = FALSE
	EndGlobalSection
	GlobalSection(ExtensibilityGlobals) = postSolution
		SolutionGuid = {E7AF20B3-4327-4DF7-B503-9FE08AA92A75}
	EndGlobalSection
EndGlobal
